
Microsoft Visual Studio Solution File, Format Version 12.00
Project("{FAE04EC0-301F-11D3-BF4B-00C04F79EFBC}") = "Encapsulation", "Encapsulation\Encapsulation.csproj", "{9CD4E491-7DA4-4D9E-A631-BC65A90FA059}"
EndProject
Project("{FAE04EC0-301F-11D3-BF4B-00C04F79EFBC}") = "PropertiesAutoVsCiomputed", "PropertiesAutoVsCiomputed\PropertiesAutoVsCiomputed.csproj", "{9F6F0FAC-F810-481E-9E5F-4719A3A125B4}"
EndProject
Project("{FAE04EC0-301F-11D3-BF4B-00C04F79EFBC}") = "AccessLevelsAcrossProjects", "AccessLevelsAcrossProjects\AccessLevelsAcrossProjects.csproj", "{894401AD-52C7-4574-9217-547066FA5AFC}"
EndProject
Project("{FAE04EC0-301F-11D3-BF4B-00C04F79EFBC}") = "AccessLevelsAcrossProjects.Core", "AccessLevelsAcrossProjects.Core\AccessLevelsAcrossProjects.Core.csproj", "{4AE0572A-0DCC-4E39-AA00-E7914E70D6EB}"
EndProject
Project("{FAE04EC0-301F-11D3-BF4B-00C04F79EFBC}") = "ConstructorsAndChaining", "ConstructorsAndChaining\ConstructorsAndChaining.csproj", "{E5396DC6-4826-4924-B735-38C680356A99}"
EndProject
Project("{FAE04EC0-301F-11D3-BF4B-00C04F79EFBC}") = "StaticMembersAndStaticConstructors", "StaticMembersAndStaticConstructors\StaticMembersAndStaticConstructors.csproj", "{B86B1EF4-839F-4EC9-BBFC-AA400965DD0D}"
EndProject
Global
	GlobalSection(SolutionConfigurationPlatforms) = preSolution
		Debug|Any CPU = Debug|Any CPU
		Release|Any CPU = Release|Any CPU
	EndGlobalSection
	GlobalSection(ProjectConfigurationPlatforms) = postSolution
		{9CD4E491-7DA4-4D9E-A631-BC65A90FA059}.Debug|Any CPU.ActiveCfg = Debug|Any CPU
		{9CD4E491-7DA4-4D9E-A631-BC65A90FA059}.Debug|Any CPU.Build.0 = Debug|Any CPU
		{9CD4E491-7DA4-4D9E-A631-BC65A90FA059}.Release|Any CPU.ActiveCfg = Release|Any CPU
		{9CD4E491-7DA4-4D9E-A631-BC65A90FA059}.Release|Any CPU.Build.0 = Release|Any CPU
		{9F6F0FAC-F810-481E-9E5F-4719A3A125B4}.Debug|Any CPU.ActiveCfg = Debug|Any CPU
		{9F6F0FAC-F810-481E-9E5F-4719A3A125B4}.Debug|Any CPU.Build.0 = Debug|Any CPU
		{9F6F0FAC-F810-481E-9E5F-4719A3A125B4}.Release|Any CPU.ActiveCfg = Release|Any CPU
		{9F6F0FAC-F810-481E-9E5F-4719A3A125B4}.Release|Any CPU.Build.0 = Release|Any CPU
		{894401AD-52C7-4574-9217-547066FA5AFC}.Debug|Any CPU.ActiveCfg = Debug|Any CPU
		{894401AD-52C7-4574-9217-547066FA5AFC}.Debug|Any CPU.Build.0 = Debug|Any CPU
		{894401AD-52C7-4574-9217-547066FA5AFC}.Release|Any CPU.ActiveCfg = Release|Any CPU
		{894401AD-52C7-4574-9217-547066FA5AFC}.Release|Any CPU.Build.0 = Release|Any CPU
		{4AE0572A-0DCC-4E39-AA00-E7914E70D6EB}.Debug|Any CPU.ActiveCfg = Debug|Any CPU
		{4AE0572A-0DCC-4E39-AA00-E7914E70D6EB}.Debug|Any CPU.Build.0 = Debug|Any CPU
		{4AE0572A-0DCC-4E39-AA00-E7914E70D6EB}.Release|Any CPU.ActiveCfg = Release|Any CPU
		{4AE0572A-0DCC-4E39-AA00-E7914E70D6EB}.Release|Any CPU.Build.0 = Release|Any CPU
		{E5396DC6-4826-4924-B735-38C680356A99}.Debug|Any CPU.ActiveCfg = Debug|Any CPU
		{E5396DC6-4826-4924-B735-38C680356A99}.Debug|Any CPU.Build.0 = Debug|Any CPU
		{E5396DC6-4826-4924-B735-38C680356A99}.Release|Any CPU.ActiveCfg = Release|Any CPU
		{E5396DC6-4826-4924-B735-38C680356A99}.Release|Any CPU.Build.0 = Release|Any CPU
		{B86B1EF4-839F-4EC9-BBFC-AA400965DD0D}.Debug|Any CPU.ActiveCfg = Debug|Any CPU
		{B86B1EF4-839F-4EC9-BBFC-AA400965DD0D}.Debug|Any CPU.Build.0 = Debug|Any CPU
		{B86B1EF4-839F-4EC9-BBFC-AA400965DD0D}.Release|Any CPU.ActiveCfg = Release|Any CPU
		{B86B1EF4-839F-4EC9-BBFC-AA400965DD0D}.Release|Any CPU.Build.0 = Release|Any CPU
	EndGlobalSection
EndGlobal
