
Microsoft Visual Studio Solution File, Format Version 12.00
Project("{FAE04EC0-301F-11D3-BF4B-00C04F79EFBC}") = "Encapsulation", "Encapsulation\Encapsulation.csproj", "{9CD4E491-7DA4-4D9E-A631-BC65A90FA059}"
EndProject
Project("{FAE04EC0-301F-11D3-BF4B-00C04F79EFBC}") = "PropertiesAutoVsCiomputed", "PropertiesAutoVsCiomputed\PropertiesAutoVsCiomputed.csproj", "{9F6F0FAC-F810-481E-9E5F-4719A3A125B4}"
EndProject
Global
	GlobalSection(SolutionConfigurationPlatforms) = preSolution
		Debug|Any CPU = Debug|Any CPU
		Release|Any CPU = Release|Any CPU
	EndGlobalSection
	GlobalSection(ProjectConfigurationPlatforms) = postSolution
		{9CD4E491-7DA4-4D9E-A631-BC65A90FA059}.Debug|Any CPU.ActiveCfg = Debug|Any CPU
		{9CD4E491-7DA4-4D9E-A631-BC65A90FA059}.Debug|Any CPU.Build.0 = Debug|Any CPU
		{9CD4E491-7DA4-4D9E-A631-BC65A90FA059}.Release|Any CPU.ActiveCfg = Release|Any CPU
		{9CD4E491-7DA4-4D9E-A631-BC65A90FA059}.Release|Any CPU.Build.0 = Release|Any CPU
		{9F6F0FAC-F810-481E-9E5F-4719A3A125B4}.Debug|Any CPU.ActiveCfg = Debug|Any CPU
		{9F6F0FAC-F810-481E-9E5F-4719A3A125B4}.Debug|Any CPU.Build.0 = Debug|Any CPU
		{9F6F0FAC-F810-481E-9E5F-4719A3A125B4}.Release|Any CPU.ActiveCfg = Release|Any CPU
		{9F6F0FAC-F810-481E-9E5F-4719A3A125B4}.Release|Any CPU.Build.0 = Release|Any CPU
	EndGlobalSection
EndGlobal
